
Microsoft Visual Studio Solution File, Format Version 12.00
# Visual Studio Version 17
VisualStudioVersion = 17.9.34701.34
MinimumVisualStudioVersion = 10.0.40219.1
Project("{FAE04EC0-301F-11D3-BF4B-00C04F79EFBC}") = "Cep Telefonu Satış otomasyonu", "Cep Telefonu Satış otomasyonu\Cep Telefonu Satış otomasyonu.csproj", "{34BE0FDE-09EF-43F0-B1FE-D1D2AF29F1E5}"
EndProject
Global
	GlobalSection(SolutionConfigurationPlatforms) = preSolution
		Debug|Any CPU = Debug|Any CPU
		Release|Any CPU = Release|Any CPU
	EndGlobalSection
	GlobalSection(ProjectConfigurationPlatforms) = postSolution
		{34BE0FDE-09EF-43F0-B1FE-D1D2AF29F1E5}.Debug|Any CPU.ActiveCfg = Debug|Any CPU
		{34BE0FDE-09EF-43F0-B1FE-D1D2AF29F1E5}.Debug|Any CPU.Build.0 = Debug|Any CPU
		{34BE0FDE-09EF-43F0-B1FE-D1D2AF29F1E5}.Release|Any CPU.ActiveCfg = Release|Any CPU
		{34BE0FDE-09EF-43F0-B1FE-D1D2AF29F1E5}.Release|Any CPU.Build.0 = Release|Any CPU
	EndGlobalSection
	GlobalSection(SolutionProperties) = preSolution
		HideSolutionNode = FALSE
	EndGlobalSection
	GlobalSection(ExtensibilityGlobals) = postSolution
		SolutionGuid = {FD8E16F1-5AF6-4E80-AAD5-EBB07624EC4A}
	EndGlobalSection
EndGlobal
